
Microsoft Visual Studio Solution File, Format Version 12.00
# Visual Studio Version 17
VisualStudioVersion = 17.4.33213.308
MinimumVisualStudioVersion = 10.0.40219.1
Project("{FAE04EC0-301F-11D3-BF4B-00C04F79EFBC}") = "CalculatorTests", "CalculatorTests\CalculatorTests.csproj", "{C3CEFC55-1F87-4C86-8D00-51A54FC595E2}"
EndProject
Global
	GlobalSection(SolutionConfigurationPlatforms) = preSolution
		Debug|Any CPU = Debug|Any CPU
		Release|Any CPU = Release|Any CPU
	EndGlobalSection
	GlobalSection(ProjectConfigurationPlatforms) = postSolution
		{C3CEFC55-1F87-4C86-8D00-51A54FC595E2}.Debug|Any CPU.ActiveCfg = Debug|Any CPU
		{C3CEFC55-1F87-4C86-8D00-51A54FC595E2}.Debug|Any CPU.Build.0 = Debug|Any CPU
		{C3CEFC55-1F87-4C86-8D00-51A54FC595E2}.Release|Any CPU.ActiveCfg = Release|Any CPU
		{C3CEFC55-1F87-4C86-8D00-51A54FC595E2}.Release|Any CPU.Build.0 = Release|Any CPU
	EndGlobalSection
	GlobalSection(SolutionProperties) = preSolution
		HideSolutionNode = FALSE
	EndGlobalSection
	GlobalSection(ExtensibilityGlobals) = postSolution
		SolutionGuid = {FC55D5FE-2F61-47B7-B7D9-5D4732049E33}
	EndGlobalSection
EndGlobal
